
Microsoft Visual Studio Solution File, Format Version 12.00
# Visual Studio Version 17
VisualStudioVersion = 17.14.36429.23 d17.14
MinimumVisualStudioVersion = 10.0.40219.1
Project("{FAE04EC0-301F-11D3-BF4B-00C04F79EFBC}") = "indiceDeMasaCorporal.Console", "..\indiceDeMasaCorporal\indiceDeMasaCorporal.Console\indiceDeMasaCorporal.Console.csproj", "{FAECF96D-656B-4EA8-B7BB-0FC8D9402058}"
EndProject
Global
	GlobalSection(SolutionConfigurationPlatforms) = preSolution
		Debug|Any CPU = Debug|Any CPU
		Release|Any CPU = Release|Any CPU
	EndGlobalSection
	GlobalSection(ProjectConfigurationPlatforms) = postSolution
		{FAECF96D-656B-4EA8-B7BB-0FC8D9402058}.Debug|Any CPU.ActiveCfg = Debug|Any CPU
		{FAECF96D-656B-4EA8-B7BB-0FC8D9402058}.Debug|Any CPU.Build.0 = Debug|Any CPU
		{FAECF96D-656B-4EA8-B7BB-0FC8D9402058}.Release|Any CPU.ActiveCfg = Release|Any CPU
		{FAECF96D-656B-4EA8-B7BB-0FC8D9402058}.Release|Any CPU.Build.0 = Release|Any CPU
	EndGlobalSection
	GlobalSection(SolutionProperties) = preSolution
		HideSolutionNode = FALSE
	EndGlobalSection
	GlobalSection(ExtensibilityGlobals) = postSolution
		SolutionGuid = {539D81F4-6E7F-4DA4-AE64-17F772CA96ED}
	EndGlobalSection
EndGlobal
